
Microsoft Visual Studio Solution File, Format Version 12.00
# Visual Studio Version 17
VisualStudioVersion = 17.6.33723.286
MinimumVisualStudioVersion = 10.0.40219.1
Project("{FAE04EC0-301F-11D3-BF4B-00C04F79EFBC}") = "TelegramBotData", "..\TelegramBotData\TelegramBotData.csproj", "{E5B5922A-EAF0-49AD-B980-EED13A350C36}"
EndProject
Project("{FAE04EC0-301F-11D3-BF4B-00C04F79EFBC}") = "TelegramBotApi", "..\TelegramBotApi\TelegramBotApi.csproj", "{92A891B7-F172-475E-BD11-CD447CF90A80}"
EndProject
Global
	GlobalSection(SolutionConfigurationPlatforms) = preSolution
		Debug|Any CPU = Debug|Any CPU
		Release|Any CPU = Release|Any CPU
	EndGlobalSection
	GlobalSection(ProjectConfigurationPlatforms) = postSolution
		{E5B5922A-EAF0-49AD-B980-EED13A350C36}.Debug|Any CPU.ActiveCfg = Debug|Any CPU
		{E5B5922A-EAF0-49AD-B980-EED13A350C36}.Debug|Any CPU.Build.0 = Debug|Any CPU
		{E5B5922A-EAF0-49AD-B980-EED13A350C36}.Release|Any CPU.ActiveCfg = Release|Any CPU
		{E5B5922A-EAF0-49AD-B980-EED13A350C36}.Release|Any CPU.Build.0 = Release|Any CPU
		{92A891B7-F172-475E-BD11-CD447CF90A80}.Debug|Any CPU.ActiveCfg = Debug|Any CPU
		{92A891B7-F172-475E-BD11-CD447CF90A80}.Debug|Any CPU.Build.0 = Debug|Any CPU
		{92A891B7-F172-475E-BD11-CD447CF90A80}.Release|Any CPU.ActiveCfg = Release|Any CPU
		{92A891B7-F172-475E-BD11-CD447CF90A80}.Release|Any CPU.Build.0 = Release|Any CPU
	EndGlobalSection
	GlobalSection(SolutionProperties) = preSolution
		HideSolutionNode = FALSE
	EndGlobalSection
	GlobalSection(ExtensibilityGlobals) = postSolution
		SolutionGuid = {2588A122-10D7-43DD-AE5C-7AC9B6B7D337}
	EndGlobalSection
EndGlobal
